{
  "name": "test",
  "version": "1.0.0",
  "lockfileVersion": 3,
  "requires": true,
  "packages": {
    "": {
      "name": "test",
      "version": "1.0.0",
      "license": "ISC",
      "dependencies": {
        "@kazeusagi/package-test": "^0.0.4"
      }
    },
    "node_modules/@kazeusagi/package-test": {
      "version": "0.0.4",
      "resolved": "https://registry.npmjs.org/@kazeusagi/package-test/-/package-test-0.0.4.tgz",
      "integrity": "sha512-Rp8yiYs6g1GEN4Xfy5ycKIBgGXWO5BVrs8LRmp+j01qKfED68FBiD+ahtfTB43bSCPSLykwHjjU56ijnxHB4lQ=="
    }
  }
}
